
Microsoft Visual Studio Solution File, Format Version 12.00
# Visual Studio Version 17
VisualStudioVersion = 17.9.34607.119
MinimumVisualStudioVersion = 10.0.40219.1
Project("{FAE04EC0-301F-11D3-BF4B-00C04F79EFBC}") = "FirebaseAuthSample", "FirebaseAuthSample\FirebaseAuthSample.csproj", "{BF63A457-7B6F-478F-ACAB-B3E58D0AFE38}"
EndProject
Global
	GlobalSection(SolutionConfigurationPlatforms) = preSolution
		Debug|Any CPU = Debug|Any CPU
		Release|Any CPU = Release|Any CPU
	EndGlobalSection
	GlobalSection(ProjectConfigurationPlatforms) = postSolution
		{BF63A457-7B6F-478F-ACAB-B3E58D0AFE38}.Debug|Any CPU.ActiveCfg = Debug|Any CPU
		{BF63A457-7B6F-478F-ACAB-B3E58D0AFE38}.Debug|Any CPU.Build.0 = Debug|Any CPU
		{BF63A457-7B6F-478F-ACAB-B3E58D0AFE38}.Debug|Any CPU.Deploy.0 = Debug|Any CPU
		{BF63A457-7B6F-478F-ACAB-B3E58D0AFE38}.Release|Any CPU.ActiveCfg = Release|Any CPU
		{BF63A457-7B6F-478F-ACAB-B3E58D0AFE38}.Release|Any CPU.Build.0 = Release|Any CPU
		{BF63A457-7B6F-478F-ACAB-B3E58D0AFE38}.Release|Any CPU.Deploy.0 = Release|Any CPU
	EndGlobalSection
	GlobalSection(SolutionProperties) = preSolution
		HideSolutionNode = FALSE
	EndGlobalSection
	GlobalSection(ExtensibilityGlobals) = postSolution
		SolutionGuid = {01720C01-35D6-4505-B500-2E40968EB4CF}
	EndGlobalSection
EndGlobal
